
Microsoft Visual Studio Solution File, Format Version 11.00
# Visual Studio 2010
Project("{F184B08F-C81C-45F6-A57F-5ABD9991F28F}") = "test form", "test form\test form.vbproj", "{E92F6B6F-CE4B-42EF-8C21-5CCC9823BD81}"
EndProject
Global
	GlobalSection(SolutionConfigurationPlatforms) = preSolution
		Debug|x86 = Debug|x86
		Release|x86 = Release|x86
	EndGlobalSection
	GlobalSection(ProjectConfigurationPlatforms) = postSolution
		{E92F6B6F-CE4B-42EF-8C21-5CCC9823BD81}.Debug|x86.ActiveCfg = Debug|x86
		{E92F6B6F-CE4B-42EF-8C21-5CCC9823BD81}.Debug|x86.Build.0 = Debug|x86
		{E92F6B6F-CE4B-42EF-8C21-5CCC9823BD81}.Release|x86.ActiveCfg = Release|x86
		{E92F6B6F-CE4B-42EF-8C21-5CCC9823BD81}.Release|x86.Build.0 = Release|x86
	EndGlobalSection
	GlobalSection(SolutionProperties) = preSolution
		HideSolutionNode = FALSE
	EndGlobalSection
EndGlobal
