
Microsoft Visual Studio Solution File, Format Version 11.00
# Visual Studio 2010
Project("{F184B08F-C81C-45F6-A57F-5ABD9991F28F}") = "user age", "user age\user age.vbproj", "{FE66C8FD-FA6E-4256-A7A2-CCB26E0CDFF0}"
EndProject
Global
	GlobalSection(SolutionConfigurationPlatforms) = preSolution
		Debug|x86 = Debug|x86
		Release|x86 = Release|x86
	EndGlobalSection
	GlobalSection(ProjectConfigurationPlatforms) = postSolution
		{FE66C8FD-FA6E-4256-A7A2-CCB26E0CDFF0}.Debug|x86.ActiveCfg = Debug|x86
		{FE66C8FD-FA6E-4256-A7A2-CCB26E0CDFF0}.Debug|x86.Build.0 = Debug|x86
		{FE66C8FD-FA6E-4256-A7A2-CCB26E0CDFF0}.Release|x86.ActiveCfg = Release|x86
		{FE66C8FD-FA6E-4256-A7A2-CCB26E0CDFF0}.Release|x86.Build.0 = Release|x86
	EndGlobalSection
	GlobalSection(SolutionProperties) = preSolution
		HideSolutionNode = FALSE
	EndGlobalSection
EndGlobal
