
Microsoft Visual Studio Solution File, Format Version 11.00
# Visual Studio 2010
Project("{F184B08F-C81C-45F6-A57F-5ABD9991F28F}") = "currency conversion", "currency conversion\currency conversion.vbproj", "{3AD61067-D337-4C31-8AC5-76EC2E55CAF6}"
EndProject
Global
	GlobalSection(SolutionConfigurationPlatforms) = preSolution
		Debug|x86 = Debug|x86
		Release|x86 = Release|x86
	EndGlobalSection
	GlobalSection(ProjectConfigurationPlatforms) = postSolution
		{3AD61067-D337-4C31-8AC5-76EC2E55CAF6}.Debug|x86.ActiveCfg = Debug|x86
		{3AD61067-D337-4C31-8AC5-76EC2E55CAF6}.Debug|x86.Build.0 = Debug|x86
		{3AD61067-D337-4C31-8AC5-76EC2E55CAF6}.Release|x86.ActiveCfg = Release|x86
		{3AD61067-D337-4C31-8AC5-76EC2E55CAF6}.Release|x86.Build.0 = Release|x86
	EndGlobalSection
	GlobalSection(SolutionProperties) = preSolution
		HideSolutionNode = FALSE
	EndGlobalSection
EndGlobal
