
Microsoft Visual Studio Solution File, Format Version 11.00
# Visual Basic Express 2010
Project("{F184B08F-C81C-45F6-A57F-5ABD9991F28F}") = "pre release skeleton code V2.0", "pre release skeleton code V2.0\pre release skeleton code V2.0.vbproj", "{B631C33D-1121-4FA2-BCAD-968E4ED26283}"
EndProject
Global
	GlobalSection(SolutionConfigurationPlatforms) = preSolution
		Debug|x86 = Debug|x86
		Release|x86 = Release|x86
	EndGlobalSection
	GlobalSection(ProjectConfigurationPlatforms) = postSolution
		{B631C33D-1121-4FA2-BCAD-968E4ED26283}.Debug|x86.ActiveCfg = Debug|x86
		{B631C33D-1121-4FA2-BCAD-968E4ED26283}.Debug|x86.Build.0 = Debug|x86
		{B631C33D-1121-4FA2-BCAD-968E4ED26283}.Release|x86.ActiveCfg = Release|x86
		{B631C33D-1121-4FA2-BCAD-968E4ED26283}.Release|x86.Build.0 = Release|x86
	EndGlobalSection
	GlobalSection(SolutionProperties) = preSolution
		HideSolutionNode = FALSE
	EndGlobalSection
EndGlobal
